{
  "name": "shared",
  "version": "0.1.0",
  "lockfileVersion": 2,
  "requires": true,
  "packages": {
    "": {
      "version": "0.1.0",
      "license": "MIT",
      "dependencies": {
        "barecolor": "^1.0.1"
      }
    },
    "node_modules/barecolor": {
      "version": "1.0.1",
      "resolved": "https://registry.npmjs.org/barecolor/-/barecolor-1.0.1.tgz",
      "integrity": "sha512-ncJ680U+r1CGBt73L3O6V9GIAPy3hbDmWODEQajwEnDmmzeStvc4UYhapUSxUpS76+MHxyRihzZfwhyl122Zdw=="
    }
  },
  "dependencies": {
    "barecolor": {
      "version": "1.0.1",
      "resolved": "https://registry.npmjs.org/barecolor/-/barecolor-1.0.1.tgz",
      "integrity": "sha512-ncJ680U+r1CGBt73L3O6V9GIAPy3hbDmWODEQajwEnDmmzeStvc4UYhapUSxUpS76+MHxyRihzZfwhyl122Zdw=="
    }
  }
}
